
Microsoft Visual Studio Solution File, Format Version 11.00
# Visual Studio 2010
Project("{888888A0-9F3D-457C-B088-3A5042F75D52}") = "code_coverage", "code_coverage.pyproj", "{368C7052-5DEB-4CDB-A67C-C31AEE5F9EB7}"
EndProject
Global
	GlobalSection(SolutionConfigurationPlatforms) = preSolution
		Debug|Any CPU = Debug|Any CPU
		Release|Any CPU = Release|Any CPU
	EndGlobalSection
	GlobalSection(ProjectConfigurationPlatforms) = postSolution
		{368C7052-5DEB-4CDB-A67C-C31AEE5F9EB7}.Debug|Any CPU.ActiveCfg = Debug|Any CPU
		{368C7052-5DEB-4CDB-A67C-C31AEE5F9EB7}.Release|Any CPU.ActiveCfg = Release|Any CPU
	EndGlobalSection
	GlobalSection(SolutionProperties) = preSolution
		HideSolutionNode = FALSE
	EndGlobalSection
EndGlobal
