
Microsoft Visual Studio Solution File, Format Version 11.00
# Visual Studio 2010
Project("{888888A0-9F3D-457C-B088-3A5042F75D52}") = "quiz2_12", "quiz2_12.pyproj", "{DAD7D319-2A05-4866-AE0D-BD7ACC7826BC}"
EndProject
Global
	GlobalSection(SolutionConfigurationPlatforms) = preSolution
		Debug|Any CPU = Debug|Any CPU
		Release|Any CPU = Release|Any CPU
	EndGlobalSection
	GlobalSection(ProjectConfigurationPlatforms) = postSolution
		{DAD7D319-2A05-4866-AE0D-BD7ACC7826BC}.Debug|Any CPU.ActiveCfg = Debug|Any CPU
		{DAD7D319-2A05-4866-AE0D-BD7ACC7826BC}.Release|Any CPU.ActiveCfg = Release|Any CPU
	EndGlobalSection
	GlobalSection(SolutionProperties) = preSolution
		HideSolutionNode = FALSE
	EndGlobalSection
EndGlobal
