
Microsoft Visual Studio Solution File, Format Version 11.00
# Visual Studio 2010
Project("{888888A0-9F3D-457C-B088-3A5042F75D52}") = "Unit3", "Unit3\Unit3.pyproj", "{03B0150B-A91F-4AC5-AF3A-8D206A49D27C}"
EndProject
Global
	GlobalSection(SolutionConfigurationPlatforms) = preSolution
		Debug|Any CPU = Debug|Any CPU
		Release|Any CPU = Release|Any CPU
	EndGlobalSection
	GlobalSection(ProjectConfigurationPlatforms) = postSolution
		{03B0150B-A91F-4AC5-AF3A-8D206A49D27C}.Debug|Any CPU.ActiveCfg = Debug|Any CPU
		{03B0150B-A91F-4AC5-AF3A-8D206A49D27C}.Release|Any CPU.ActiveCfg = Release|Any CPU
	EndGlobalSection
	GlobalSection(SolutionProperties) = preSolution
		HideSolutionNode = FALSE
	EndGlobalSection
EndGlobal
